
Microsoft Visual Studio Solution File, Format Version 12.00
# Visual Studio 15
Project("{2150E333-8FDC-42A3-9474-1A3956D46DE8}") = "01Distribucion", "01Distribucion", "{99D4A117-5457-4C37-A2D2-03B2AC1B3C75}"
EndProject
Project("{2150E333-8FDC-42A3-9474-1A3956D46DE8}") = "02Aplicacion", "02Aplicacion", "{DF3375C4-470B-411F-B54A-6A813CBFC5AF}"
EndProject
Project("{2150E333-8FDC-42A3-9474-1A3956D46DE8}") = "03Dominio", "03Dominio", "{B6FE225F-3D6A-468A-9F42-305916E24404}"
EndProject
Project("{2150E333-8FDC-42A3-9474-1A3956D46DE8}") = "04Infraestructura", "04Infraestructura", "{1896EF06-876E-4AC8-BE65-9554F4ACC789}"
EndProject
Project("{2150E333-8FDC-42A3-9474-1A3956D46DE8}") = "05Transversal", "05Transversal", "{4C2F6B3B-C15C-4931-8054-3E4F1FAECFFF}"
EndProject
Project("{FAE04EC0-301F-11D3-BF4B-00C04F79EFBC}") = "Infrastructure.Data", "Infrastructure.Data\Infrastructure.Data.csproj", "{092BBCCD-F8B8-4C72-98EC-579DAADF8116}"
EndProject
Project("{FAE04EC0-301F-11D3-BF4B-00C04F79EFBC}") = "Transversal.Common", "Transversal.Common\Transversal.Common.csproj", "{CD5173A6-D4C2-4446-A8DF-7F6BBCE3D25D}"
EndProject
Project("{FAE04EC0-301F-11D3-BF4B-00C04F79EFBC}") = "Domain.Entities", "Domain.Entities\Domain.Entities.csproj", "{A1BDCE40-AE3E-4F01-8183-BA43A6C6F4D9}"
EndProject
Project("{FAE04EC0-301F-11D3-BF4B-00C04F79EFBC}") = "Domain.Interface", "Domain.Interface\Domain.Interface.csproj", "{89E995A9-C49E-43D5-A523-214A9496DE9A}"
EndProject
Project("{FAE04EC0-301F-11D3-BF4B-00C04F79EFBC}") = "Domain.Main", "Domain.Main\Domain.Main.csproj", "{F774AF94-373E-4129-9F31-3850A48D9B3F}"
EndProject
Project("{FAE04EC0-301F-11D3-BF4B-00C04F79EFBC}") = "Infrastructure.Interface", "Infrastructure.Interface\Infrastructure.Interface.csproj", "{CE4346DE-4C75-458E-AC8C-453646D5B856}"
EndProject
Project("{FAE04EC0-301F-11D3-BF4B-00C04F79EFBC}") = "Infrastructure.Repository", "Infrastructure.Repository\Infrastructure.Repository.csproj", "{872ECE35-0D2F-463C-8DDE-2E6B39499867}"
EndProject
Project("{FAE04EC0-301F-11D3-BF4B-00C04F79EFBC}") = "Transversal.Mapper", "Transversal.Mapper\Transversal.Mapper.csproj", "{A838CEF9-C0A4-4A35-92A6-38F96D4994EE}"
EndProject
Project("{FAE04EC0-301F-11D3-BF4B-00C04F79EFBC}") = "Application.Dto", "Application.Dto\Application.Dto.csproj", "{668E3EA6-30E4-4652-8858-AD4AC17BAC77}"
EndProject
Project("{FAE04EC0-301F-11D3-BF4B-00C04F79EFBC}") = "Application.Interface", "Application.Interface\Application.Interface.csproj", "{4A2AA991-378D-4246-BA12-FD0150365BB3}"
EndProject
Project("{FAE04EC0-301F-11D3-BF4B-00C04F79EFBC}") = "Application.Core", "Application.Core\Application.Core.csproj", "{7C11000E-FA6B-4285-BFDA-57AFA1DC8C84}"
EndProject
Project("{FAE04EC0-301F-11D3-BF4B-00C04F79EFBC}") = "SIROS.Web", "SIROS.Web\SIROS.Web.csproj", "{73E90F9A-C1CE-43F3-AB5A-6017954E8967}"
EndProject
Global
	GlobalSection(SolutionConfigurationPlatforms) = preSolution
		Debug|Any CPU = Debug|Any CPU
		Release|Any CPU = Release|Any CPU
	EndGlobalSection
	GlobalSection(ProjectConfigurationPlatforms) = postSolution
		{092BBCCD-F8B8-4C72-98EC-579DAADF8116}.Debug|Any CPU.ActiveCfg = Debug|Any CPU
		{092BBCCD-F8B8-4C72-98EC-579DAADF8116}.Debug|Any CPU.Build.0 = Debug|Any CPU
		{092BBCCD-F8B8-4C72-98EC-579DAADF8116}.Release|Any CPU.ActiveCfg = Release|Any CPU
		{092BBCCD-F8B8-4C72-98EC-579DAADF8116}.Release|Any CPU.Build.0 = Release|Any CPU
		{CD5173A6-D4C2-4446-A8DF-7F6BBCE3D25D}.Debug|Any CPU.ActiveCfg = Debug|Any CPU
		{CD5173A6-D4C2-4446-A8DF-7F6BBCE3D25D}.Debug|Any CPU.Build.0 = Debug|Any CPU
		{CD5173A6-D4C2-4446-A8DF-7F6BBCE3D25D}.Release|Any CPU.ActiveCfg = Release|Any CPU
		{CD5173A6-D4C2-4446-A8DF-7F6BBCE3D25D}.Release|Any CPU.Build.0 = Release|Any CPU
		{A1BDCE40-AE3E-4F01-8183-BA43A6C6F4D9}.Debug|Any CPU.ActiveCfg = Debug|Any CPU
		{A1BDCE40-AE3E-4F01-8183-BA43A6C6F4D9}.Debug|Any CPU.Build.0 = Debug|Any CPU
		{A1BDCE40-AE3E-4F01-8183-BA43A6C6F4D9}.Release|Any CPU.ActiveCfg = Release|Any CPU
		{A1BDCE40-AE3E-4F01-8183-BA43A6C6F4D9}.Release|Any CPU.Build.0 = Release|Any CPU
		{89E995A9-C49E-43D5-A523-214A9496DE9A}.Debug|Any CPU.ActiveCfg = Debug|Any CPU
		{89E995A9-C49E-43D5-A523-214A9496DE9A}.Debug|Any CPU.Build.0 = Debug|Any CPU
		{89E995A9-C49E-43D5-A523-214A9496DE9A}.Release|Any CPU.ActiveCfg = Release|Any CPU
		{89E995A9-C49E-43D5-A523-214A9496DE9A}.Release|Any CPU.Build.0 = Release|Any CPU
		{F774AF94-373E-4129-9F31-3850A48D9B3F}.Debug|Any CPU.ActiveCfg = Debug|Any CPU
		{F774AF94-373E-4129-9F31-3850A48D9B3F}.Debug|Any CPU.Build.0 = Debug|Any CPU
		{F774AF94-373E-4129-9F31-3850A48D9B3F}.Release|Any CPU.ActiveCfg = Release|Any CPU
		{F774AF94-373E-4129-9F31-3850A48D9B3F}.Release|Any CPU.Build.0 = Release|Any CPU
		{CE4346DE-4C75-458E-AC8C-453646D5B856}.Debug|Any CPU.ActiveCfg = Debug|Any CPU
		{CE4346DE-4C75-458E-AC8C-453646D5B856}.Debug|Any CPU.Build.0 = Debug|Any CPU
		{CE4346DE-4C75-458E-AC8C-453646D5B856}.Release|Any CPU.ActiveCfg = Release|Any CPU
		{CE4346DE-4C75-458E-AC8C-453646D5B856}.Release|Any CPU.Build.0 = Release|Any CPU
		{872ECE35-0D2F-463C-8DDE-2E6B39499867}.Debug|Any CPU.ActiveCfg = Debug|Any CPU
		{872ECE35-0D2F-463C-8DDE-2E6B39499867}.Debug|Any CPU.Build.0 = Debug|Any CPU
		{872ECE35-0D2F-463C-8DDE-2E6B39499867}.Release|Any CPU.ActiveCfg = Release|Any CPU
		{872ECE35-0D2F-463C-8DDE-2E6B39499867}.Release|Any CPU.Build.0 = Release|Any CPU
		{A838CEF9-C0A4-4A35-92A6-38F96D4994EE}.Debug|Any CPU.ActiveCfg = Debug|Any CPU
		{A838CEF9-C0A4-4A35-92A6-38F96D4994EE}.Debug|Any CPU.Build.0 = Debug|Any CPU
		{A838CEF9-C0A4-4A35-92A6-38F96D4994EE}.Release|Any CPU.ActiveCfg = Release|Any CPU
		{A838CEF9-C0A4-4A35-92A6-38F96D4994EE}.Release|Any CPU.Build.0 = Release|Any CPU
		{668E3EA6-30E4-4652-8858-AD4AC17BAC77}.Debug|Any CPU.ActiveCfg = Debug|Any CPU
		{668E3EA6-30E4-4652-8858-AD4AC17BAC77}.Debug|Any CPU.Build.0 = Debug|Any CPU
		{668E3EA6-30E4-4652-8858-AD4AC17BAC77}.Release|Any CPU.ActiveCfg = Release|Any CPU
		{668E3EA6-30E4-4652-8858-AD4AC17BAC77}.Release|Any CPU.Build.0 = Release|Any CPU
		{4A2AA991-378D-4246-BA12-FD0150365BB3}.Debug|Any CPU.ActiveCfg = Debug|Any CPU
		{4A2AA991-378D-4246-BA12-FD0150365BB3}.Debug|Any CPU.Build.0 = Debug|Any CPU
		{4A2AA991-378D-4246-BA12-FD0150365BB3}.Release|Any CPU.ActiveCfg = Release|Any CPU
		{4A2AA991-378D-4246-BA12-FD0150365BB3}.Release|Any CPU.Build.0 = Release|Any CPU
		{7C11000E-FA6B-4285-BFDA-57AFA1DC8C84}.Debug|Any CPU.ActiveCfg = Debug|Any CPU
		{7C11000E-FA6B-4285-BFDA-57AFA1DC8C84}.Debug|Any CPU.Build.0 = Debug|Any CPU
		{7C11000E-FA6B-4285-BFDA-57AFA1DC8C84}.Release|Any CPU.ActiveCfg = Release|Any CPU
		{7C11000E-FA6B-4285-BFDA-57AFA1DC8C84}.Release|Any CPU.Build.0 = Release|Any CPU
		{73E90F9A-C1CE-43F3-AB5A-6017954E8967}.Debug|Any CPU.ActiveCfg = Debug|Any CPU
		{73E90F9A-C1CE-43F3-AB5A-6017954E8967}.Debug|Any CPU.Build.0 = Debug|Any CPU
		{73E90F9A-C1CE-43F3-AB5A-6017954E8967}.Release|Any CPU.ActiveCfg = Release|Any CPU
		{73E90F9A-C1CE-43F3-AB5A-6017954E8967}.Release|Any CPU.Build.0 = Release|Any CPU
	EndGlobalSection
	GlobalSection(NestedProjects) = preSolution
		{092BBCCD-F8B8-4C72-98EC-579DAADF8116} = {1896EF06-876E-4AC8-BE65-9554F4ACC789}
		{CD5173A6-D4C2-4446-A8DF-7F6BBCE3D25D} = {4C2F6B3B-C15C-4931-8054-3E4F1FAECFFF}
		{A1BDCE40-AE3E-4F01-8183-BA43A6C6F4D9} = {B6FE225F-3D6A-468A-9F42-305916E24404}
		{89E995A9-C49E-43D5-A523-214A9496DE9A} = {B6FE225F-3D6A-468A-9F42-305916E24404}
		{F774AF94-373E-4129-9F31-3850A48D9B3F} = {B6FE225F-3D6A-468A-9F42-305916E24404}
		{CE4346DE-4C75-458E-AC8C-453646D5B856} = {1896EF06-876E-4AC8-BE65-9554F4ACC789}
		{872ECE35-0D2F-463C-8DDE-2E6B39499867} = {1896EF06-876E-4AC8-BE65-9554F4ACC789}
		{A838CEF9-C0A4-4A35-92A6-38F96D4994EE} = {4C2F6B3B-C15C-4931-8054-3E4F1FAECFFF}
		{668E3EA6-30E4-4652-8858-AD4AC17BAC77} = {DF3375C4-470B-411F-B54A-6A813CBFC5AF}
		{4A2AA991-378D-4246-BA12-FD0150365BB3} = {DF3375C4-470B-411F-B54A-6A813CBFC5AF}
		{7C11000E-FA6B-4285-BFDA-57AFA1DC8C84} = {DF3375C4-470B-411F-B54A-6A813CBFC5AF}
		{73E90F9A-C1CE-43F3-AB5A-6017954E8967} = {99D4A117-5457-4C37-A2D2-03B2AC1B3C75}
	EndGlobalSection
EndGlobal
